Microsoft Visual Studio Solution File, Format Version 12.00
# Visual Studio Version 17
VisualStudioVersion = 17.5.2.0
MinimumVisualStudioVersion = 10.0.40219.1
Project("{FAE04EC0-301F-11D3-BF4B-00C04F79EFBC}") = "SmartStudy", "SmartStudy\SmartStudy.csproj", "{07774865-8584-CC2E-0FEF-9CDBE9191CD7}"
EndProject
Global
	GlobalSection(SolutionConfigurationPlatforms) = preSolution
		Debug|Any CPU = Debug|Any CPU
		Release|Any CPU = Release|Any CPU
	EndGlobalSection
	GlobalSection(ProjectConfigurationPlatforms) = postSolution
		{07774865-8584-CC2E-0FEF-9CDBE9191CD7}.Debug|Any CPU.ActiveCfg = Debug|Any CPU
		{07774865-8584-CC2E-0FEF-9CDBE9191CD7}.Debug|Any CPU.Build.0 = Debug|Any CPU
		{07774865-8584-CC2E-0FEF-9CDBE9191CD7}.Release|Any CPU.ActiveCfg = Release|Any CPU
		{07774865-8584-CC2E-0FEF-9CDBE9191CD7}.Release|Any CPU.Build.0 = Release|Any CPU
	EndGlobalSection
	GlobalSection(SolutionProperties) = preSolution
		HideSolutionNode = FALSE
	EndGlobalSection
	GlobalSection(ExtensibilityGlobals) = postSolution
		SolutionGuid = {B3774629-5F1F-4C69-AAED-2F9AB9AD01EB}
	EndGlobalSection
EndGlobal
